
Microsoft Visual Studio Solution File, Format Version 12.00
# Visual Studio 15
VisualStudioVersion = 15.0.28307.572
MinimumVisualStudioVersion = 10.0.40219.1
Project("{888888A0-9F3D-457C-B088-3A5042F75D52}") = "Proyecto final 2", "Proyecto final 2\Proyecto final 2.pyproj", "{03EB2B63-1FD1-45D9-97FE-D6E1EAED3111}"
EndProject
Global
	GlobalSection(SolutionConfigurationPlatforms) = preSolution
		Debug|Any CPU = Debug|Any CPU
		Release|Any CPU = Release|Any CPU
	EndGlobalSection
	GlobalSection(ProjectConfigurationPlatforms) = postSolution
		{03EB2B63-1FD1-45D9-97FE-D6E1EAED3111}.Debug|Any CPU.ActiveCfg = Debug|Any CPU
		{03EB2B63-1FD1-45D9-97FE-D6E1EAED3111}.Release|Any CPU.ActiveCfg = Release|Any CPU
	EndGlobalSection
	GlobalSection(SolutionProperties) = preSolution
		HideSolutionNode = FALSE
	EndGlobalSection
	GlobalSection(ExtensibilityGlobals) = postSolution
		SolutionGuid = {0B5E9E39-0E14-4E8E-BC4C-7DC0DDB2C2E8}
	EndGlobalSection
EndGlobal
